
Microsoft Visual Studio Solution File, Format Version 12.00
# Visual Studio Version 17
VisualStudioVersion = 17.0.32014.148
MinimumVisualStudioVersion = 10.0.40219.1
Project("{9A19103F-16F7-4668-BE54-9A1E7A4F7556}") = "FS.FilterExpressionCreator.Tests", "FS.FilterExpressionCreator.Tests\FS.FilterExpressionCreator.Tests.csproj", "{54FB05B6-380A-45EA-9355-2F98BE183F34}"
EndProject
Project("{9A19103F-16F7-4668-BE54-9A1E7A4F7556}") = "FS.FilterExpressionCreator", "FS.FilterExpressionCreator\FS.FilterExpressionCreator.csproj", "{55F481CF-64C0-4272-B527-72746223CB4C}"
EndProject
Project("{9A19103F-16F7-4668-BE54-9A1E7A4F7556}") = "FS.FilterExpressionCreator.Demo", "FS.FilterExpressionCreator.Demo\FS.FilterExpressionCreator.Demo.csproj", "{AC6A51C2-F286-43DA-93D6-4FEA520C7151}"
EndProject
Project("{9A19103F-16F7-4668-BE54-9A1E7A4F7556}") = "FS.FilterExpressionCreator.Mvc", "FS.FilterExpressionCreator.Mvc\FS.FilterExpressionCreator.Mvc.csproj", "{F4296A49-F708-4BA0-87A8-A49AC6048D7C}"
EndProject
Project("{9A19103F-16F7-4668-BE54-9A1E7A4F7556}") = "FS.FilterExpressionCreator.Newtonsoft", "FS.FilterExpressionCreator.Newtonsoft\FS.FilterExpressionCreator.Newtonsoft.csproj", "{24BE01E9-8C4A-42E4-8ED3-6DC5F748E9CB}"
EndProject
Project("{9A19103F-16F7-4668-BE54-9A1E7A4F7556}") = "FS.FilterExpressionCreator.Swashbuckle", "FS.FilterExpressionCreator.Swashbuckle\FS.FilterExpressionCreator.Swashbuckle.csproj", "{A76E581B-0E09-47FB-A16B-D58A9FB40739}"
EndProject
Project("{9A19103F-16F7-4668-BE54-9A1E7A4F7556}") = "FS.FilterExpressionCreator.Mvc.Newtonsoft", "FS.FilterExpressionCreator.Mvc.Newtonsoft\FS.FilterExpressionCreator.Mvc.Newtonsoft.csproj", "{81D017F9-736C-4020-8206-42C7F8213948}"
EndProject
Project("{2150E333-8FDC-42A3-9474-1A3956D46DE8}") = "Build", "Build", "{33F53241-3215-45F3-9A1A-4CAD6B1F8892}"
	ProjectSection(SolutionItems) = preProject
		Build\build_core.props = Build\build_core.props
		Build\build_standard.props = Build\build_standard.props
		Build\build_tests.props = Build\build_tests.props
		Build\build_version.props = Build\build_version.props
		Build\build_xml_documentation.props = Build\build_xml_documentation.props
	EndProjectSection
EndProject
Project("{2150E333-8FDC-42A3-9474-1A3956D46DE8}") = "Tests", "Tests", "{6A2D1E04-9F3C-400E-AB98-FC8F5F825854}"
EndProject
Project("{FAE04EC0-301F-11D3-BF4B-00C04F79EFBC}") = "FS.FilterExpressionCreator.Abstractions", "FS.FilterExpressionCreator.Abstractions\FS.FilterExpressionCreator.Abstractions.csproj", "{767390FC-F1B0-4346-9749-0961D861A1AA}"
EndProject
Global
	GlobalSection(SolutionConfigurationPlatforms) = preSolution
		Debug|Any CPU = Debug|Any CPU
		Release|Any CPU = Release|Any CPU
	EndGlobalSection
	GlobalSection(ProjectConfigurationPlatforms) = postSolution
		{54FB05B6-380A-45EA-9355-2F98BE183F34}.Debug|Any CPU.ActiveCfg = Debug|Any CPU
		{54FB05B6-380A-45EA-9355-2F98BE183F34}.Debug|Any CPU.Build.0 = Debug|Any CPU
		{54FB05B6-380A-45EA-9355-2F98BE183F34}.Release|Any CPU.ActiveCfg = Release|Any CPU
		{54FB05B6-380A-45EA-9355-2F98BE183F34}.Release|Any CPU.Build.0 = Release|Any CPU
		{55F481CF-64C0-4272-B527-72746223CB4C}.Debug|Any CPU.ActiveCfg = Debug|Any CPU
		{55F481CF-64C0-4272-B527-72746223CB4C}.Debug|Any CPU.Build.0 = Debug|Any CPU
		{55F481CF-64C0-4272-B527-72746223CB4C}.Release|Any CPU.ActiveCfg = Release|Any CPU
		{55F481CF-64C0-4272-B527-72746223CB4C}.Release|Any CPU.Build.0 = Release|Any CPU
		{AC6A51C2-F286-43DA-93D6-4FEA520C7151}.Debug|Any CPU.ActiveCfg = Debug|Any CPU
		{AC6A51C2-F286-43DA-93D6-4FEA520C7151}.Debug|Any CPU.Build.0 = Debug|Any CPU
		{AC6A51C2-F286-43DA-93D6-4FEA520C7151}.Release|Any CPU.ActiveCfg = Release|Any CPU
		{AC6A51C2-F286-43DA-93D6-4FEA520C7151}.Release|Any CPU.Build.0 = Release|Any CPU
		{F4296A49-F708-4BA0-87A8-A49AC6048D7C}.Debug|Any CPU.ActiveCfg = Debug|Any CPU
		{F4296A49-F708-4BA0-87A8-A49AC6048D7C}.Debug|Any CPU.Build.0 = Debug|Any CPU
		{F4296A49-F708-4BA0-87A8-A49AC6048D7C}.Release|Any CPU.ActiveCfg = Release|Any CPU
		{F4296A49-F708-4BA0-87A8-A49AC6048D7C}.Release|Any CPU.Build.0 = Release|Any CPU
		{24BE01E9-8C4A-42E4-8ED3-6DC5F748E9CB}.Debug|Any CPU.ActiveCfg = Debug|Any CPU
		{24BE01E9-8C4A-42E4-8ED3-6DC5F748E9CB}.Debug|Any CPU.Build.0 = Debug|Any CPU
		{24BE01E9-8C4A-42E4-8ED3-6DC5F748E9CB}.Release|Any CPU.ActiveCfg = Release|Any CPU
		{24BE01E9-8C4A-42E4-8ED3-6DC5F748E9CB}.Release|Any CPU.Build.0 = Release|Any CPU
		{A76E581B-0E09-47FB-A16B-D58A9FB40739}.Debug|Any CPU.ActiveCfg = Debug|Any CPU
		{A76E581B-0E09-47FB-A16B-D58A9FB40739}.Debug|Any CPU.Build.0 = Debug|Any CPU
		{A76E581B-0E09-47FB-A16B-D58A9FB40739}.Release|Any CPU.ActiveCfg = Release|Any CPU
		{A76E581B-0E09-47FB-A16B-D58A9FB40739}.Release|Any CPU.Build.0 = Release|Any CPU
		{81D017F9-736C-4020-8206-42C7F8213948}.Debug|Any CPU.ActiveCfg = Debug|Any CPU
		{81D017F9-736C-4020-8206-42C7F8213948}.Debug|Any CPU.Build.0 = Debug|Any CPU
		{81D017F9-736C-4020-8206-42C7F8213948}.Release|Any CPU.ActiveCfg = Release|Any CPU
		{81D017F9-736C-4020-8206-42C7F8213948}.Release|Any CPU.Build.0 = Release|Any CPU
		{767390FC-F1B0-4346-9749-0961D861A1AA}.Debug|Any CPU.ActiveCfg = Debug|Any CPU
		{767390FC-F1B0-4346-9749-0961D861A1AA}.Debug|Any CPU.Build.0 = Debug|Any CPU
		{767390FC-F1B0-4346-9749-0961D861A1AA}.Release|Any CPU.ActiveCfg = Release|Any CPU
		{767390FC-F1B0-4346-9749-0961D861A1AA}.Release|Any CPU.Build.0 = Release|Any CPU
	EndGlobalSection
	GlobalSection(SolutionProperties) = preSolution
		HideSolutionNode = FALSE
	EndGlobalSection
	GlobalSection(NestedProjects) = preSolution
		{54FB05B6-380A-45EA-9355-2F98BE183F34} = {6A2D1E04-9F3C-400E-AB98-FC8F5F825854}
	EndGlobalSection
	GlobalSection(ExtensibilityGlobals) = postSolution
		SolutionGuid = {59576651-AB13-4A7C-8898-3F088461F7A4}
	EndGlobalSection
EndGlobal
