
Microsoft Visual Studio Solution File, Format Version 12.00
# Visual Studio Version 17
VisualStudioVersion = 17.0.32014.148
MinimumVisualStudioVersion = 10.0.40219.1
Project("{9A19103F-16F7-4668-BE54-9A1E7A4F7556}") = "FS.FilterExpressionCreator.Tests", "FS.FilterExpressionCreator.Tests\FS.FilterExpressionCreator.Tests.csproj", "{54FB05B6-380A-45EA-9355-2F98BE183F34}"
EndProject
Project("{9A19103F-16F7-4668-BE54-9A1E7A4F7556}") = "FS.FilterExpressionCreator", "FS.FilterExpressionCreator\FS.FilterExpressionCreator.csproj", "{55F481CF-64C0-4272-B527-72746223CB4C}"
EndProject
Project("{9A19103F-16F7-4668-BE54-9A1E7A4F7556}") = "FS.FilterExpressionCreator.Demo", "FS.FilterExpressionCreator.Demo\FS.FilterExpressionCreator.Demo.csproj", "{AC6A51C2-F286-43DA-93D6-4FEA520C7151}"
EndProject
Project("{9A19103F-16F7-4668-BE54-9A1E7A4F7556}") = "FS.FilterExpressionCreator.Mvc", "FS.FilterExpressionCreator.Mvc\FS.FilterExpressionCreator.Mvc.csproj", "{F4296A49-F708-4BA0-87A8-A49AC6048D7C}"
EndProject
Project("{9A19103F-16F7-4668-BE54-9A1E7A4F7556}") = "FS.FilterExpressionCreator.Newtonsoft", "FS.FilterExpressionCreator.Newtonsoft\FS.FilterExpressionCreator.Newtonsoft.csproj", "{24BE01E9-8C4A-42E4-8ED3-6DC5F748E9CB}"
EndProject
Project("{9A19103F-16F7-4668-BE54-9A1E7A4F7556}") = "FS.FilterExpressionCreator.Swashbuckle", "FS.FilterExpressionCreator.Swashbuckle\FS.FilterExpressionCreator.Swashbuckle.csproj", "{A76E581B-0E09-47FB-A16B-D58A9FB40739}"
EndProject
Project("{9A19103F-16F7-4668-BE54-9A1E7A4F7556}") = "FS.FilterExpressionCreator.Mvc.Newtonsoft", "FS.FilterExpressionCreator.Mvc.Newtonsoft\FS.FilterExpressionCreator.Mvc.Newtonsoft.csproj", "{81D017F9-736C-4020-8206-42C7F8213948}"
EndProject
Project("{2150E333-8FDC-42A3-9474-1A3956D46DE8}") = "Build", "Build", "{33F53241-3215-45F3-9A1A-4CAD6B1F8892}"
	ProjectSection(SolutionItems) = preProject
		Build\build_core.props = Build\build_core.props
		Build\build_standard.props = Build\build_standard.props
		Build\build_tests.props = Build\build_tests.props
		Build\build_version.props = Build\build_version.props
		Build\build_xml_documentation.props = Build\build_xml_documentation.props
	EndProjectSection
EndProject
Project("{2150E333-8FDC-42A3-9474-1A3956D46DE8}") = "FS.FilterExpressionCreator.Tests", "FS.FilterExpressionCreator.Tests", "{6A2D1E04-9F3C-400E-AB98-FC8F5F825854}"
EndProject
Project("{9A19103F-16F7-4668-BE54-9A1E7A4F7556}") = "FS.FilterExpressionCreator.Abstractions", "FS.FilterExpressionCreator.Abstractions\FS.FilterExpressionCreator.Abstractions.csproj", "{767390FC-F1B0-4346-9749-0961D861A1AA}"
EndProject
Project("{9A19103F-16F7-4668-BE54-9A1E7A4F7556}") = "FS.SortQueryableCreator", "FS.SortQueryableCreator\FS.SortQueryableCreator.csproj", "{23D9F32B-36E0-4A73-B4A9-014150A2E6BF}"
EndProject
Project("{9A19103F-16F7-4668-BE54-9A1E7A4F7556}") = "FS.SortQueryableCreator.Abstractions", "FS.SortQueryableCreator.Abstractions\FS.SortQueryableCreator.Abstractions.csproj", "{9CCC12CB-252A-4632-890C-3A2AC060FC6A}"
EndProject
Project("{9A19103F-16F7-4668-BE54-9A1E7A4F7556}") = "FS.SortQueryableCreator.Tests", "FS.SortQueryableCreator.Tests\FS.SortQueryableCreator.Tests.csproj", "{636091B1-5372-4F28-BC1C-AD17D5BD4672}"
EndProject
Project("{9A19103F-16F7-4668-BE54-9A1E7A4F7556}") = "FS.SortQueryableCreator.Newtonsoft", "FS.SortQueryableCreator.Newtonsoft\FS.SortQueryableCreator.Newtonsoft.csproj", "{9DC4305C-A560-447F-89A8-FC01B39452C1}"
EndProject
Project("{9A19103F-16F7-4668-BE54-9A1E7A4F7556}") = "FS.SortQueryableCreator.Mvc", "FS.SortQueryableCreator.Mvc\FS.SortQueryableCreator.Mvc.csproj", "{BB3601F0-D819-4DCF-B44C-045C635EFC4F}"
EndProject
Project("{9A19103F-16F7-4668-BE54-9A1E7A4F7556}") = "FS.SortQueryableCreator.Mvc.Newtonsoft", "FS.SortQueryableCreator.Mvc.Newtonsoft\FS.SortQueryableCreator.Mvc.Newtonsoft.csproj", "{595BACDE-6F3B-4FCB-A6B5-D2A4439F8D3E}"
EndProject
Project("{9A19103F-16F7-4668-BE54-9A1E7A4F7556}") = "FS.SortQueryableCreator.Swashbuckle", "FS.SortQueryableCreator.Swashbuckle\FS.SortQueryableCreator.Swashbuckle.csproj", "{79FE5AC0-E32F-4E10-8C19-60BB6FB55059}"
EndProject
Project("{2150E333-8FDC-42A3-9474-1A3956D46DE8}") = "FS.FilterExpressionCreator", "FS.FilterExpressionCreator", "{8550DA2A-B1CB-4041-9FF4-22439F1C35EE}"
EndProject
Project("{2150E333-8FDC-42A3-9474-1A3956D46DE8}") = "FS.SortQueryableCreator", "FS.SortQueryableCreator", "{67E9E8D1-60EA-41ED-AAC9-9A3BAAFD74C9}"
EndProject
Project("{2150E333-8FDC-42A3-9474-1A3956D46DE8}") = "FS.SortQueryableCreator.Tests", "FS.SortQueryableCreator.Tests", "{29DAA4A8-29D8-4B69-917C-05F4F4640892}"
EndProject
Global
	GlobalSection(SolutionConfigurationPlatforms) = preSolution
		Debug|Any CPU = Debug|Any CPU
		Release|Any CPU = Release|Any CPU
	EndGlobalSection
	GlobalSection(ProjectConfigurationPlatforms) = postSolution
		{54FB05B6-380A-45EA-9355-2F98BE183F34}.Debug|Any CPU.ActiveCfg = Debug|Any CPU
		{54FB05B6-380A-45EA-9355-2F98BE183F34}.Debug|Any CPU.Build.0 = Debug|Any CPU
		{54FB05B6-380A-45EA-9355-2F98BE183F34}.Release|Any CPU.ActiveCfg = Release|Any CPU
		{54FB05B6-380A-45EA-9355-2F98BE183F34}.Release|Any CPU.Build.0 = Release|Any CPU
		{55F481CF-64C0-4272-B527-72746223CB4C}.Debug|Any CPU.ActiveCfg = Debug|Any CPU
		{55F481CF-64C0-4272-B527-72746223CB4C}.Debug|Any CPU.Build.0 = Debug|Any CPU
		{55F481CF-64C0-4272-B527-72746223CB4C}.Release|Any CPU.ActiveCfg = Release|Any CPU
		{55F481CF-64C0-4272-B527-72746223CB4C}.Release|Any CPU.Build.0 = Release|Any CPU
		{AC6A51C2-F286-43DA-93D6-4FEA520C7151}.Debug|Any CPU.ActiveCfg = Debug|Any CPU
		{AC6A51C2-F286-43DA-93D6-4FEA520C7151}.Debug|Any CPU.Build.0 = Debug|Any CPU
		{AC6A51C2-F286-43DA-93D6-4FEA520C7151}.Release|Any CPU.ActiveCfg = Release|Any CPU
		{AC6A51C2-F286-43DA-93D6-4FEA520C7151}.Release|Any CPU.Build.0 = Release|Any CPU
		{F4296A49-F708-4BA0-87A8-A49AC6048D7C}.Debug|Any CPU.ActiveCfg = Debug|Any CPU
		{F4296A49-F708-4BA0-87A8-A49AC6048D7C}.Debug|Any CPU.Build.0 = Debug|Any CPU
		{F4296A49-F708-4BA0-87A8-A49AC6048D7C}.Release|Any CPU.ActiveCfg = Release|Any CPU
		{F4296A49-F708-4BA0-87A8-A49AC6048D7C}.Release|Any CPU.Build.0 = Release|Any CPU
		{24BE01E9-8C4A-42E4-8ED3-6DC5F748E9CB}.Debug|Any CPU.ActiveCfg = Debug|Any CPU
		{24BE01E9-8C4A-42E4-8ED3-6DC5F748E9CB}.Debug|Any CPU.Build.0 = Debug|Any CPU
		{24BE01E9-8C4A-42E4-8ED3-6DC5F748E9CB}.Release|Any CPU.ActiveCfg = Release|Any CPU
		{24BE01E9-8C4A-42E4-8ED3-6DC5F748E9CB}.Release|Any CPU.Build.0 = Release|Any CPU
		{A76E581B-0E09-47FB-A16B-D58A9FB40739}.Debug|Any CPU.ActiveCfg = Debug|Any CPU
		{A76E581B-0E09-47FB-A16B-D58A9FB40739}.Debug|Any CPU.Build.0 = Debug|Any CPU
		{A76E581B-0E09-47FB-A16B-D58A9FB40739}.Release|Any CPU.ActiveCfg = Release|Any CPU
		{A76E581B-0E09-47FB-A16B-D58A9FB40739}.Release|Any CPU.Build.0 = Release|Any CPU
		{81D017F9-736C-4020-8206-42C7F8213948}.Debug|Any CPU.ActiveCfg = Debug|Any CPU
		{81D017F9-736C-4020-8206-42C7F8213948}.Debug|Any CPU.Build.0 = Debug|Any CPU
		{81D017F9-736C-4020-8206-42C7F8213948}.Release|Any CPU.ActiveCfg = Release|Any CPU
		{81D017F9-736C-4020-8206-42C7F8213948}.Release|Any CPU.Build.0 = Release|Any CPU
		{767390FC-F1B0-4346-9749-0961D861A1AA}.Debug|Any CPU.ActiveCfg = Debug|Any CPU
		{767390FC-F1B0-4346-9749-0961D861A1AA}.Debug|Any CPU.Build.0 = Debug|Any CPU
		{767390FC-F1B0-4346-9749-0961D861A1AA}.Release|Any CPU.ActiveCfg = Release|Any CPU
		{767390FC-F1B0-4346-9749-0961D861A1AA}.Release|Any CPU.Build.0 = Release|Any CPU
		{23D9F32B-36E0-4A73-B4A9-014150A2E6BF}.Debug|Any CPU.ActiveCfg = Debug|Any CPU
		{23D9F32B-36E0-4A73-B4A9-014150A2E6BF}.Debug|Any CPU.Build.0 = Debug|Any CPU
		{23D9F32B-36E0-4A73-B4A9-014150A2E6BF}.Release|Any CPU.ActiveCfg = Release|Any CPU
		{23D9F32B-36E0-4A73-B4A9-014150A2E6BF}.Release|Any CPU.Build.0 = Release|Any CPU
		{9CCC12CB-252A-4632-890C-3A2AC060FC6A}.Debug|Any CPU.ActiveCfg = Debug|Any CPU
		{9CCC12CB-252A-4632-890C-3A2AC060FC6A}.Debug|Any CPU.Build.0 = Debug|Any CPU
		{9CCC12CB-252A-4632-890C-3A2AC060FC6A}.Release|Any CPU.ActiveCfg = Release|Any CPU
		{9CCC12CB-252A-4632-890C-3A2AC060FC6A}.Release|Any CPU.Build.0 = Release|Any CPU
		{636091B1-5372-4F28-BC1C-AD17D5BD4672}.Debug|Any CPU.ActiveCfg = Debug|Any CPU
		{636091B1-5372-4F28-BC1C-AD17D5BD4672}.Debug|Any CPU.Build.0 = Debug|Any CPU
		{636091B1-5372-4F28-BC1C-AD17D5BD4672}.Release|Any CPU.ActiveCfg = Release|Any CPU
		{636091B1-5372-4F28-BC1C-AD17D5BD4672}.Release|Any CPU.Build.0 = Release|Any CPU
		{9DC4305C-A560-447F-89A8-FC01B39452C1}.Debug|Any CPU.ActiveCfg = Debug|Any CPU
		{9DC4305C-A560-447F-89A8-FC01B39452C1}.Debug|Any CPU.Build.0 = Debug|Any CPU
		{9DC4305C-A560-447F-89A8-FC01B39452C1}.Release|Any CPU.ActiveCfg = Release|Any CPU
		{9DC4305C-A560-447F-89A8-FC01B39452C1}.Release|Any CPU.Build.0 = Release|Any CPU
		{BB3601F0-D819-4DCF-B44C-045C635EFC4F}.Debug|Any CPU.ActiveCfg = Debug|Any CPU
		{BB3601F0-D819-4DCF-B44C-045C635EFC4F}.Debug|Any CPU.Build.0 = Debug|Any CPU
		{BB3601F0-D819-4DCF-B44C-045C635EFC4F}.Release|Any CPU.ActiveCfg = Release|Any CPU
		{BB3601F0-D819-4DCF-B44C-045C635EFC4F}.Release|Any CPU.Build.0 = Release|Any CPU
		{595BACDE-6F3B-4FCB-A6B5-D2A4439F8D3E}.Debug|Any CPU.ActiveCfg = Debug|Any CPU
		{595BACDE-6F3B-4FCB-A6B5-D2A4439F8D3E}.Debug|Any CPU.Build.0 = Debug|Any CPU
		{595BACDE-6F3B-4FCB-A6B5-D2A4439F8D3E}.Release|Any CPU.ActiveCfg = Release|Any CPU
		{595BACDE-6F3B-4FCB-A6B5-D2A4439F8D3E}.Release|Any CPU.Build.0 = Release|Any CPU
		{79FE5AC0-E32F-4E10-8C19-60BB6FB55059}.Debug|Any CPU.ActiveCfg = Debug|Any CPU
		{79FE5AC0-E32F-4E10-8C19-60BB6FB55059}.Debug|Any CPU.Build.0 = Debug|Any CPU
		{79FE5AC0-E32F-4E10-8C19-60BB6FB55059}.Release|Any CPU.ActiveCfg = Release|Any CPU
		{79FE5AC0-E32F-4E10-8C19-60BB6FB55059}.Release|Any CPU.Build.0 = Release|Any CPU
	EndGlobalSection
	GlobalSection(SolutionProperties) = preSolution
		HideSolutionNode = FALSE
	EndGlobalSection
	GlobalSection(NestedProjects) = preSolution
		{54FB05B6-380A-45EA-9355-2F98BE183F34} = {6A2D1E04-9F3C-400E-AB98-FC8F5F825854}
		{55F481CF-64C0-4272-B527-72746223CB4C} = {8550DA2A-B1CB-4041-9FF4-22439F1C35EE}
		{F4296A49-F708-4BA0-87A8-A49AC6048D7C} = {8550DA2A-B1CB-4041-9FF4-22439F1C35EE}
		{24BE01E9-8C4A-42E4-8ED3-6DC5F748E9CB} = {8550DA2A-B1CB-4041-9FF4-22439F1C35EE}
		{A76E581B-0E09-47FB-A16B-D58A9FB40739} = {8550DA2A-B1CB-4041-9FF4-22439F1C35EE}
		{81D017F9-736C-4020-8206-42C7F8213948} = {8550DA2A-B1CB-4041-9FF4-22439F1C35EE}
		{767390FC-F1B0-4346-9749-0961D861A1AA} = {8550DA2A-B1CB-4041-9FF4-22439F1C35EE}
		{23D9F32B-36E0-4A73-B4A9-014150A2E6BF} = {67E9E8D1-60EA-41ED-AAC9-9A3BAAFD74C9}
		{9CCC12CB-252A-4632-890C-3A2AC060FC6A} = {67E9E8D1-60EA-41ED-AAC9-9A3BAAFD74C9}
		{636091B1-5372-4F28-BC1C-AD17D5BD4672} = {29DAA4A8-29D8-4B69-917C-05F4F4640892}
		{9DC4305C-A560-447F-89A8-FC01B39452C1} = {67E9E8D1-60EA-41ED-AAC9-9A3BAAFD74C9}
		{BB3601F0-D819-4DCF-B44C-045C635EFC4F} = {67E9E8D1-60EA-41ED-AAC9-9A3BAAFD74C9}
		{595BACDE-6F3B-4FCB-A6B5-D2A4439F8D3E} = {67E9E8D1-60EA-41ED-AAC9-9A3BAAFD74C9}
		{79FE5AC0-E32F-4E10-8C19-60BB6FB55059} = {67E9E8D1-60EA-41ED-AAC9-9A3BAAFD74C9}
	EndGlobalSection
	GlobalSection(ExtensibilityGlobals) = postSolution
		SolutionGuid = {59576651-AB13-4A7C-8898-3F088461F7A4}
	EndGlobalSection
EndGlobal
