
Microsoft Visual Studio Solution File, Format Version 12.00
# Visual Studio Version 17
VisualStudioVersion = 17.8.34330.188
MinimumVisualStudioVersion = 10.0.40219.1
Project("{2150E333-8FDC-42A3-9474-1A3956D46DE8}") = "Build", "Build", "{4ADA43F9-E9B7-42BF-8D1D-0635400382E7}"
	ProjectSection(SolutionItems) = preProject
		Build\build_core.props = Build\build_core.props
		Build\build_standard.props = Build\build_standard.props
		Build\build_tests.props = Build\build_tests.props
		Build\build_version.props = Build\build_version.props
		Build\build_xml_documentation.props = Build\build_xml_documentation.props
	EndProjectSection
EndProject
Project("{2150E333-8FDC-42A3-9474-1A3956D46DE8}") = "analyzers", "analyzers", "{68ADD508-71F1-403C-B850-4B345B68F1AB}"
	ProjectSection(SolutionItems) = preProject
		Build\analyzer_disposeable.props = Build\analyzer_disposeable.props
		Build\analyzer_meziantou.props = Build\analyzer_meziantou.props
	EndProjectSection
EndProject
Project("{2150E333-8FDC-42A3-9474-1A3956D46DE8}") = "configuration", "configuration", "{59A4868C-2B36-4EF1-B294-1EA3FFF7EF4B}"
	ProjectSection(SolutionItems) = preProject
		.editorconfig = .editorconfig
	EndProjectSection
EndProject
Project("{2150E333-8FDC-42A3-9474-1A3956D46DE8}") = "Plainquire.Filter", "Plainquire.Filter", "{D1F2A2BB-C421-4950-85EC-5F3D6E44179F}"
EndProject
Project("{9A19103F-16F7-4668-BE54-9A1E7A4F7556}") = "Plainquire.Filter", "Plainquire.Filter\Plainquire.Filter\Plainquire.Filter.csproj", "{825D0361-7EC9-40DC-9AB6-D206E2B80DEA}"
EndProject
Project("{9A19103F-16F7-4668-BE54-9A1E7A4F7556}") = "Plainquire.Filter.Abstractions", "Plainquire.Filter\Plainquire.Filter.Abstractions\Plainquire.Filter.Abstractions.csproj", "{1B1FBE6D-B411-400F-9BC3-88D8CD5E81C4}"
EndProject
Project("{9A19103F-16F7-4668-BE54-9A1E7A4F7556}") = "Plainquire.Filter.Mvc", "Plainquire.Filter\Plainquire.Filter.Mvc\Plainquire.Filter.Mvc.csproj", "{476D668F-4B4C-471B-81B2-076ED19A6F53}"
EndProject
Project("{9A19103F-16F7-4668-BE54-9A1E7A4F7556}") = "Plainquire.Filter.Mvc.Newtonsoft", "Plainquire.Filter\Plainquire.Filter.Mvc.Newtonsoft\Plainquire.Filter.Mvc.Newtonsoft.csproj", "{870ED6E0-573A-4ADF-A436-9A96E57FCE3A}"
EndProject
Project("{9A19103F-16F7-4668-BE54-9A1E7A4F7556}") = "Plainquire.Filter.Newtonsoft", "Plainquire.Filter\Plainquire.Filter.Newtonsoft\Plainquire.Filter.Newtonsoft.csproj", "{B0477AD4-8FF2-4EEF-9C24-F09392D6AAEE}"
EndProject
Project("{9A19103F-16F7-4668-BE54-9A1E7A4F7556}") = "Plainquire.Filter.Swashbuckle", "Plainquire.Filter\Plainquire.Filter.Swashbuckle\Plainquire.Filter.Swashbuckle.csproj", "{E86DC98D-8E84-4156-8E58-907C2949A97F}"
EndProject
Project("{2150E333-8FDC-42A3-9474-1A3956D46DE8}") = "Plainquire.Filter.Tests", "Plainquire.Filter.Tests", "{7C5B8FDE-6D71-4103-9035-753D41B88421}"
EndProject
Project("{9A19103F-16F7-4668-BE54-9A1E7A4F7556}") = "Plainquire.Filter.Tests", "Plainquire.Filter.Tests\Plainquire.Filter.Tests\Plainquire.Filter.Tests.csproj", "{7B227645-2655-4AA6-B5D9-A02EB33C2BB7}"
EndProject
Project("{2150E333-8FDC-42A3-9474-1A3956D46DE8}") = "Plainquire.Sort", "Plainquire.Sort", "{12717BAF-3957-49FA-B789-28C223DE7812}"
EndProject
Project("{9A19103F-16F7-4668-BE54-9A1E7A4F7556}") = "Plainquire.Sort", "Plainquire.Sort\Plainquire.Sort\Plainquire.Sort.csproj", "{7D345F09-CD20-402F-A125-625EC5F852D7}"
EndProject
Project("{9A19103F-16F7-4668-BE54-9A1E7A4F7556}") = "Plainquire.Sort.Abstractions", "Plainquire.Sort\Plainquire.Sort.Abstractions\Plainquire.Sort.Abstractions.csproj", "{A23B2F5B-009F-41C7-B8EF-552DF96036EC}"
EndProject
Project("{9A19103F-16F7-4668-BE54-9A1E7A4F7556}") = "Plainquire.Sort.Mvc", "Plainquire.Sort\Plainquire.Sort.Mvc\Plainquire.Sort.Mvc.csproj", "{902C6D17-A950-4B01-A7D3-EB8239C750D4}"
EndProject
Project("{9A19103F-16F7-4668-BE54-9A1E7A4F7556}") = "Plainquire.Sort.Mvc.Newtonsoft", "Plainquire.Sort\Plainquire.Sort.Mvc.Newtonsoft\Plainquire.Sort.Mvc.Newtonsoft.csproj", "{65F4E850-865B-4E03-8482-2158A63DCA49}"
EndProject
Project("{9A19103F-16F7-4668-BE54-9A1E7A4F7556}") = "Plainquire.Sort.Newtonsoft", "Plainquire.Sort\Plainquire.Sort.Newtonsoft\Plainquire.Sort.Newtonsoft.csproj", "{A236058E-EF8F-4EB8-8EF4-11B50ACA04F8}"
EndProject
Project("{9A19103F-16F7-4668-BE54-9A1E7A4F7556}") = "Plainquire.Sort.Swashbuckle", "Plainquire.Sort\Plainquire.Sort.Swashbuckle\Plainquire.Sort.Swashbuckle.csproj", "{5B623D7A-F078-433A-8344-6C5DABD004C8}"
EndProject
Project("{2150E333-8FDC-42A3-9474-1A3956D46DE8}") = "Plainquire.Sort.Tests", "Plainquire.Sort.Tests", "{41DE5B74-FA68-4684-843E-D197B2C063EB}"
EndProject
Project("{9A19103F-16F7-4668-BE54-9A1E7A4F7556}") = "Plainquire.Sort.Tests", "Plainquire.Sort.Tests\Plainquire.Sort.Tests\Plainquire.Sort.Tests.csproj", "{F673BD3F-057C-4A15-A648-DB0D5A06E164}"
EndProject
Project("{9A19103F-16F7-4668-BE54-9A1E7A4F7556}") = "Plainquire.Demo", "Plainquire.Demo\Plainquire.Demo.csproj", "{7D6FDB0B-4F9F-47A4-952B-14F6E8697AF1}"
EndProject
Project("{2150E333-8FDC-42A3-9474-1A3956D46DE8}") = "Plainquire.Page", "Plainquire.Page", "{D7F2AA6A-721D-4E69-9AC3-59186F1C407A}"
EndProject
Project("{9A19103F-16F7-4668-BE54-9A1E7A4F7556}") = "Plainquire.Page", "Plainquire.Page\Plainquire.Page\Plainquire.Page.csproj", "{952550D7-8177-4D9E-8315-91911CAA4122}"
EndProject
Project("{9A19103F-16F7-4668-BE54-9A1E7A4F7556}") = "Plainquire.Page.Abstractions", "Plainquire.Page\Plainquire.Page.Abstractions\Plainquire.Page.Abstractions.csproj", "{25ADD2E6-B883-4A68-8164-7CD082EE306D}"
EndProject
Project("{9A19103F-16F7-4668-BE54-9A1E7A4F7556}") = "Plainquire.Page.Mvc", "Plainquire.Page\Plainquire.Page.Mvc\Plainquire.Page.Mvc.csproj", "{E92B47C4-D9DD-4CAF-8FB9-9E887517F3C2}"
EndProject
Project("{9A19103F-16F7-4668-BE54-9A1E7A4F7556}") = "Plainquire.Page.Swashbuckle", "Plainquire.Page\Plainquire.Page.Swashbuckle\Plainquire.Page.Swashbuckle.csproj", "{01D49FEB-9F1D-495E-B373-6ECEDD7D94EE}"
EndProject
Project("{2150E333-8FDC-42A3-9474-1A3956D46DE8}") = "Plainquire.Page.Tests", "Plainquire.Page.Tests", "{9E60F790-8B09-4D29-9935-AA1D9448382A}"
EndProject
Project("{9A19103F-16F7-4668-BE54-9A1E7A4F7556}") = "Plainquire.Page.Tests", "Plainquire.Page.Tests\Plainquire.Page.Tests\Plainquire.Page.Tests.csproj", "{B1DBCDC7-AB39-4620-8E29-7531CDF13E71}"
EndProject
Project("{9A19103F-16F7-4668-BE54-9A1E7A4F7556}") = "Plainquire.Page.Newtonsoft", "Plainquire.Page\Plainquire.Page.Newtonsoft\Plainquire.Page.Newtonsoft.csproj", "{9C6E70AD-F808-4957-8D3C-D75E1088D1E5}"
EndProject
Project("{9A19103F-16F7-4668-BE54-9A1E7A4F7556}") = "Plainquire.Page.Mvc.Newtonsoft", "Plainquire.Page\Plainquire.Page.Mvc.Newtonsoft\Plainquire.Page.Mvc.Newtonsoft.csproj", "{5772204F-EECF-49C6-9015-565C502EA347}"
EndProject
Project("{9A19103F-16F7-4668-BE54-9A1E7A4F7556}") = "Plainquire.Swashbuckle.TestSupport", "Plainquire.Filter.Tests\Plainquire.Swashbuckle.TestSupport\Plainquire.Swashbuckle.TestSupport.csproj", "{1D931D72-0DA9-40B3-966D-A5970F9D5B01}"
EndProject
Project("{9A19103F-16F7-4668-BE54-9A1E7A4F7556}") = "Plainquire.TestSupport", "Plainquire.Filter.Tests\Plainquire.TestSupport\Plainquire.TestSupport.csproj", "{DED43145-88B8-4B34-A77B-973DDA9A290C}"
EndProject
Project("{2150E333-8FDC-42A3-9474-1A3956D46DE8}") = "Plainquire.Tests", "Plainquire.Tests", "{11F6D087-2112-4B93-94F2-2F32B572DCAC}"
EndProject
Project("{9A19103F-16F7-4668-BE54-9A1E7A4F7556}") = "Plainquire.Integration.Tests.TestSupport", "Plainquire.Tests\Plainquire.Integration.Tests.TestSupport\Plainquire.Integration.Tests.TestSupport.csproj", "{EFFB7C43-194A-45DF-AD51-430C8C51652F}"
EndProject
Project("{9A19103F-16F7-4668-BE54-9A1E7A4F7556}") = "Plainquire.Integration.Tests", "Plainquire.Tests\Plainquire.Integration.Tests\Plainquire.Integration.Tests.csproj", "{8F073773-9AA1-4247-BCC3-9D5F32E39C1A}"
EndProject
Project("{9A19103F-16F7-4668-BE54-9A1E7A4F7556}") = "Plainquire.Architecture.Tests", "Plainquire.Tests\Plainquire.Architecture.Tests\Plainquire.Architecture.Tests.csproj", "{EEDF5142-FB6A-427D-A345-601DC3AB23DB}"
EndProject
Global
	GlobalSection(SolutionConfigurationPlatforms) = preSolution
		Debug|Any CPU = Debug|Any CPU
		Release|Any CPU = Release|Any CPU
	EndGlobalSection
	GlobalSection(ProjectConfigurationPlatforms) = postSolution
		{825D0361-7EC9-40DC-9AB6-D206E2B80DEA}.Debug|Any CPU.ActiveCfg = Debug|Any CPU
		{825D0361-7EC9-40DC-9AB6-D206E2B80DEA}.Debug|Any CPU.Build.0 = Debug|Any CPU
		{825D0361-7EC9-40DC-9AB6-D206E2B80DEA}.Release|Any CPU.ActiveCfg = Release|Any CPU
		{825D0361-7EC9-40DC-9AB6-D206E2B80DEA}.Release|Any CPU.Build.0 = Release|Any CPU
		{1B1FBE6D-B411-400F-9BC3-88D8CD5E81C4}.Debug|Any CPU.ActiveCfg = Debug|Any CPU
		{1B1FBE6D-B411-400F-9BC3-88D8CD5E81C4}.Debug|Any CPU.Build.0 = Debug|Any CPU
		{1B1FBE6D-B411-400F-9BC3-88D8CD5E81C4}.Release|Any CPU.ActiveCfg = Release|Any CPU
		{1B1FBE6D-B411-400F-9BC3-88D8CD5E81C4}.Release|Any CPU.Build.0 = Release|Any CPU
		{476D668F-4B4C-471B-81B2-076ED19A6F53}.Debug|Any CPU.ActiveCfg = Debug|Any CPU
		{476D668F-4B4C-471B-81B2-076ED19A6F53}.Debug|Any CPU.Build.0 = Debug|Any CPU
		{476D668F-4B4C-471B-81B2-076ED19A6F53}.Release|Any CPU.ActiveCfg = Release|Any CPU
		{476D668F-4B4C-471B-81B2-076ED19A6F53}.Release|Any CPU.Build.0 = Release|Any CPU
		{870ED6E0-573A-4ADF-A436-9A96E57FCE3A}.Debug|Any CPU.ActiveCfg = Debug|Any CPU
		{870ED6E0-573A-4ADF-A436-9A96E57FCE3A}.Debug|Any CPU.Build.0 = Debug|Any CPU
		{870ED6E0-573A-4ADF-A436-9A96E57FCE3A}.Release|Any CPU.ActiveCfg = Release|Any CPU
		{870ED6E0-573A-4ADF-A436-9A96E57FCE3A}.Release|Any CPU.Build.0 = Release|Any CPU
		{B0477AD4-8FF2-4EEF-9C24-F09392D6AAEE}.Debug|Any CPU.ActiveCfg = Debug|Any CPU
		{B0477AD4-8FF2-4EEF-9C24-F09392D6AAEE}.Debug|Any CPU.Build.0 = Debug|Any CPU
		{B0477AD4-8FF2-4EEF-9C24-F09392D6AAEE}.Release|Any CPU.ActiveCfg = Release|Any CPU
		{B0477AD4-8FF2-4EEF-9C24-F09392D6AAEE}.Release|Any CPU.Build.0 = Release|Any CPU
		{E86DC98D-8E84-4156-8E58-907C2949A97F}.Debug|Any CPU.ActiveCfg = Debug|Any CPU
		{E86DC98D-8E84-4156-8E58-907C2949A97F}.Debug|Any CPU.Build.0 = Debug|Any CPU
		{E86DC98D-8E84-4156-8E58-907C2949A97F}.Release|Any CPU.ActiveCfg = Release|Any CPU
		{E86DC98D-8E84-4156-8E58-907C2949A97F}.Release|Any CPU.Build.0 = Release|Any CPU
		{7B227645-2655-4AA6-B5D9-A02EB33C2BB7}.Debug|Any CPU.ActiveCfg = Debug|Any CPU
		{7B227645-2655-4AA6-B5D9-A02EB33C2BB7}.Debug|Any CPU.Build.0 = Debug|Any CPU
		{7B227645-2655-4AA6-B5D9-A02EB33C2BB7}.Release|Any CPU.ActiveCfg = Release|Any CPU
		{7B227645-2655-4AA6-B5D9-A02EB33C2BB7}.Release|Any CPU.Build.0 = Release|Any CPU
		{7D345F09-CD20-402F-A125-625EC5F852D7}.Debug|Any CPU.ActiveCfg = Debug|Any CPU
		{7D345F09-CD20-402F-A125-625EC5F852D7}.Debug|Any CPU.Build.0 = Debug|Any CPU
		{7D345F09-CD20-402F-A125-625EC5F852D7}.Release|Any CPU.ActiveCfg = Release|Any CPU
		{7D345F09-CD20-402F-A125-625EC5F852D7}.Release|Any CPU.Build.0 = Release|Any CPU
		{A23B2F5B-009F-41C7-B8EF-552DF96036EC}.Debug|Any CPU.ActiveCfg = Debug|Any CPU
		{A23B2F5B-009F-41C7-B8EF-552DF96036EC}.Debug|Any CPU.Build.0 = Debug|Any CPU
		{A23B2F5B-009F-41C7-B8EF-552DF96036EC}.Release|Any CPU.ActiveCfg = Release|Any CPU
		{A23B2F5B-009F-41C7-B8EF-552DF96036EC}.Release|Any CPU.Build.0 = Release|Any CPU
		{902C6D17-A950-4B01-A7D3-EB8239C750D4}.Debug|Any CPU.ActiveCfg = Debug|Any CPU
		{902C6D17-A950-4B01-A7D3-EB8239C750D4}.Debug|Any CPU.Build.0 = Debug|Any CPU
		{902C6D17-A950-4B01-A7D3-EB8239C750D4}.Release|Any CPU.ActiveCfg = Release|Any CPU
		{902C6D17-A950-4B01-A7D3-EB8239C750D4}.Release|Any CPU.Build.0 = Release|Any CPU
		{65F4E850-865B-4E03-8482-2158A63DCA49}.Debug|Any CPU.ActiveCfg = Debug|Any CPU
		{65F4E850-865B-4E03-8482-2158A63DCA49}.Debug|Any CPU.Build.0 = Debug|Any CPU
		{65F4E850-865B-4E03-8482-2158A63DCA49}.Release|Any CPU.ActiveCfg = Release|Any CPU
		{65F4E850-865B-4E03-8482-2158A63DCA49}.Release|Any CPU.Build.0 = Release|Any CPU
		{A236058E-EF8F-4EB8-8EF4-11B50ACA04F8}.Debug|Any CPU.ActiveCfg = Debug|Any CPU
		{A236058E-EF8F-4EB8-8EF4-11B50ACA04F8}.Debug|Any CPU.Build.0 = Debug|Any CPU
		{A236058E-EF8F-4EB8-8EF4-11B50ACA04F8}.Release|Any CPU.ActiveCfg = Release|Any CPU
		{A236058E-EF8F-4EB8-8EF4-11B50ACA04F8}.Release|Any CPU.Build.0 = Release|Any CPU
		{5B623D7A-F078-433A-8344-6C5DABD004C8}.Debug|Any CPU.ActiveCfg = Debug|Any CPU
		{5B623D7A-F078-433A-8344-6C5DABD004C8}.Debug|Any CPU.Build.0 = Debug|Any CPU
		{5B623D7A-F078-433A-8344-6C5DABD004C8}.Release|Any CPU.ActiveCfg = Release|Any CPU
		{5B623D7A-F078-433A-8344-6C5DABD004C8}.Release|Any CPU.Build.0 = Release|Any CPU
		{F673BD3F-057C-4A15-A648-DB0D5A06E164}.Debug|Any CPU.ActiveCfg = Debug|Any CPU
		{F673BD3F-057C-4A15-A648-DB0D5A06E164}.Debug|Any CPU.Build.0 = Debug|Any CPU
		{F673BD3F-057C-4A15-A648-DB0D5A06E164}.Release|Any CPU.ActiveCfg = Release|Any CPU
		{F673BD3F-057C-4A15-A648-DB0D5A06E164}.Release|Any CPU.Build.0 = Release|Any CPU
		{7D6FDB0B-4F9F-47A4-952B-14F6E8697AF1}.Debug|Any CPU.ActiveCfg = Debug|Any CPU
		{7D6FDB0B-4F9F-47A4-952B-14F6E8697AF1}.Debug|Any CPU.Build.0 = Debug|Any CPU
		{7D6FDB0B-4F9F-47A4-952B-14F6E8697AF1}.Release|Any CPU.ActiveCfg = Release|Any CPU
		{7D6FDB0B-4F9F-47A4-952B-14F6E8697AF1}.Release|Any CPU.Build.0 = Release|Any CPU
		{952550D7-8177-4D9E-8315-91911CAA4122}.Debug|Any CPU.ActiveCfg = Debug|Any CPU
		{952550D7-8177-4D9E-8315-91911CAA4122}.Debug|Any CPU.Build.0 = Debug|Any CPU
		{952550D7-8177-4D9E-8315-91911CAA4122}.Release|Any CPU.ActiveCfg = Release|Any CPU
		{952550D7-8177-4D9E-8315-91911CAA4122}.Release|Any CPU.Build.0 = Release|Any CPU
		{25ADD2E6-B883-4A68-8164-7CD082EE306D}.Debug|Any CPU.ActiveCfg = Debug|Any CPU
		{25ADD2E6-B883-4A68-8164-7CD082EE306D}.Debug|Any CPU.Build.0 = Debug|Any CPU
		{25ADD2E6-B883-4A68-8164-7CD082EE306D}.Release|Any CPU.ActiveCfg = Release|Any CPU
		{25ADD2E6-B883-4A68-8164-7CD082EE306D}.Release|Any CPU.Build.0 = Release|Any CPU
		{E92B47C4-D9DD-4CAF-8FB9-9E887517F3C2}.Debug|Any CPU.ActiveCfg = Debug|Any CPU
		{E92B47C4-D9DD-4CAF-8FB9-9E887517F3C2}.Debug|Any CPU.Build.0 = Debug|Any CPU
		{E92B47C4-D9DD-4CAF-8FB9-9E887517F3C2}.Release|Any CPU.ActiveCfg = Release|Any CPU
		{E92B47C4-D9DD-4CAF-8FB9-9E887517F3C2}.Release|Any CPU.Build.0 = Release|Any CPU
		{01D49FEB-9F1D-495E-B373-6ECEDD7D94EE}.Debug|Any CPU.ActiveCfg = Debug|Any CPU
		{01D49FEB-9F1D-495E-B373-6ECEDD7D94EE}.Debug|Any CPU.Build.0 = Debug|Any CPU
		{01D49FEB-9F1D-495E-B373-6ECEDD7D94EE}.Release|Any CPU.ActiveCfg = Release|Any CPU
		{01D49FEB-9F1D-495E-B373-6ECEDD7D94EE}.Release|Any CPU.Build.0 = Release|Any CPU
		{B1DBCDC7-AB39-4620-8E29-7531CDF13E71}.Debug|Any CPU.ActiveCfg = Debug|Any CPU
		{B1DBCDC7-AB39-4620-8E29-7531CDF13E71}.Debug|Any CPU.Build.0 = Debug|Any CPU
		{B1DBCDC7-AB39-4620-8E29-7531CDF13E71}.Release|Any CPU.ActiveCfg = Release|Any CPU
		{B1DBCDC7-AB39-4620-8E29-7531CDF13E71}.Release|Any CPU.Build.0 = Release|Any CPU
		{9C6E70AD-F808-4957-8D3C-D75E1088D1E5}.Debug|Any CPU.ActiveCfg = Debug|Any CPU
		{9C6E70AD-F808-4957-8D3C-D75E1088D1E5}.Debug|Any CPU.Build.0 = Debug|Any CPU
		{9C6E70AD-F808-4957-8D3C-D75E1088D1E5}.Release|Any CPU.ActiveCfg = Release|Any CPU
		{9C6E70AD-F808-4957-8D3C-D75E1088D1E5}.Release|Any CPU.Build.0 = Release|Any CPU
		{5772204F-EECF-49C6-9015-565C502EA347}.Debug|Any CPU.ActiveCfg = Debug|Any CPU
		{5772204F-EECF-49C6-9015-565C502EA347}.Debug|Any CPU.Build.0 = Debug|Any CPU
		{5772204F-EECF-49C6-9015-565C502EA347}.Release|Any CPU.ActiveCfg = Release|Any CPU
		{5772204F-EECF-49C6-9015-565C502EA347}.Release|Any CPU.Build.0 = Release|Any CPU
		{1D931D72-0DA9-40B3-966D-A5970F9D5B01}.Debug|Any CPU.ActiveCfg = Debug|Any CPU
		{1D931D72-0DA9-40B3-966D-A5970F9D5B01}.Debug|Any CPU.Build.0 = Debug|Any CPU
		{1D931D72-0DA9-40B3-966D-A5970F9D5B01}.Release|Any CPU.ActiveCfg = Release|Any CPU
		{1D931D72-0DA9-40B3-966D-A5970F9D5B01}.Release|Any CPU.Build.0 = Release|Any CPU
		{DED43145-88B8-4B34-A77B-973DDA9A290C}.Debug|Any CPU.ActiveCfg = Debug|Any CPU
		{DED43145-88B8-4B34-A77B-973DDA9A290C}.Debug|Any CPU.Build.0 = Debug|Any CPU
		{DED43145-88B8-4B34-A77B-973DDA9A290C}.Release|Any CPU.ActiveCfg = Release|Any CPU
		{DED43145-88B8-4B34-A77B-973DDA9A290C}.Release|Any CPU.Build.0 = Release|Any CPU
		{EFFB7C43-194A-45DF-AD51-430C8C51652F}.Debug|Any CPU.ActiveCfg = Debug|Any CPU
		{EFFB7C43-194A-45DF-AD51-430C8C51652F}.Debug|Any CPU.Build.0 = Debug|Any CPU
		{EFFB7C43-194A-45DF-AD51-430C8C51652F}.Release|Any CPU.ActiveCfg = Release|Any CPU
		{EFFB7C43-194A-45DF-AD51-430C8C51652F}.Release|Any CPU.Build.0 = Release|Any CPU
		{8F073773-9AA1-4247-BCC3-9D5F32E39C1A}.Debug|Any CPU.ActiveCfg = Debug|Any CPU
		{8F073773-9AA1-4247-BCC3-9D5F32E39C1A}.Debug|Any CPU.Build.0 = Debug|Any CPU
		{8F073773-9AA1-4247-BCC3-9D5F32E39C1A}.Release|Any CPU.ActiveCfg = Release|Any CPU
		{8F073773-9AA1-4247-BCC3-9D5F32E39C1A}.Release|Any CPU.Build.0 = Release|Any CPU
		{EEDF5142-FB6A-427D-A345-601DC3AB23DB}.Debug|Any CPU.ActiveCfg = Debug|Any CPU
		{EEDF5142-FB6A-427D-A345-601DC3AB23DB}.Debug|Any CPU.Build.0 = Debug|Any CPU
		{EEDF5142-FB6A-427D-A345-601DC3AB23DB}.Release|Any CPU.ActiveCfg = Release|Any CPU
		{EEDF5142-FB6A-427D-A345-601DC3AB23DB}.Release|Any CPU.Build.0 = Release|Any CPU
	EndGlobalSection
	GlobalSection(SolutionProperties) = preSolution
		HideSolutionNode = FALSE
	EndGlobalSection
	GlobalSection(NestedProjects) = preSolution
		{68ADD508-71F1-403C-B850-4B345B68F1AB} = {4ADA43F9-E9B7-42BF-8D1D-0635400382E7}
		{59A4868C-2B36-4EF1-B294-1EA3FFF7EF4B} = {4ADA43F9-E9B7-42BF-8D1D-0635400382E7}
		{825D0361-7EC9-40DC-9AB6-D206E2B80DEA} = {D1F2A2BB-C421-4950-85EC-5F3D6E44179F}
		{1B1FBE6D-B411-400F-9BC3-88D8CD5E81C4} = {D1F2A2BB-C421-4950-85EC-5F3D6E44179F}
		{476D668F-4B4C-471B-81B2-076ED19A6F53} = {D1F2A2BB-C421-4950-85EC-5F3D6E44179F}
		{870ED6E0-573A-4ADF-A436-9A96E57FCE3A} = {D1F2A2BB-C421-4950-85EC-5F3D6E44179F}
		{B0477AD4-8FF2-4EEF-9C24-F09392D6AAEE} = {D1F2A2BB-C421-4950-85EC-5F3D6E44179F}
		{E86DC98D-8E84-4156-8E58-907C2949A97F} = {D1F2A2BB-C421-4950-85EC-5F3D6E44179F}
		{7B227645-2655-4AA6-B5D9-A02EB33C2BB7} = {7C5B8FDE-6D71-4103-9035-753D41B88421}
		{7D345F09-CD20-402F-A125-625EC5F852D7} = {12717BAF-3957-49FA-B789-28C223DE7812}
		{A23B2F5B-009F-41C7-B8EF-552DF96036EC} = {12717BAF-3957-49FA-B789-28C223DE7812}
		{902C6D17-A950-4B01-A7D3-EB8239C750D4} = {12717BAF-3957-49FA-B789-28C223DE7812}
		{65F4E850-865B-4E03-8482-2158A63DCA49} = {12717BAF-3957-49FA-B789-28C223DE7812}
		{A236058E-EF8F-4EB8-8EF4-11B50ACA04F8} = {12717BAF-3957-49FA-B789-28C223DE7812}
		{5B623D7A-F078-433A-8344-6C5DABD004C8} = {12717BAF-3957-49FA-B789-28C223DE7812}
		{F673BD3F-057C-4A15-A648-DB0D5A06E164} = {41DE5B74-FA68-4684-843E-D197B2C063EB}
		{952550D7-8177-4D9E-8315-91911CAA4122} = {D7F2AA6A-721D-4E69-9AC3-59186F1C407A}
		{25ADD2E6-B883-4A68-8164-7CD082EE306D} = {D7F2AA6A-721D-4E69-9AC3-59186F1C407A}
		{E92B47C4-D9DD-4CAF-8FB9-9E887517F3C2} = {D7F2AA6A-721D-4E69-9AC3-59186F1C407A}
		{01D49FEB-9F1D-495E-B373-6ECEDD7D94EE} = {D7F2AA6A-721D-4E69-9AC3-59186F1C407A}
		{B1DBCDC7-AB39-4620-8E29-7531CDF13E71} = {9E60F790-8B09-4D29-9935-AA1D9448382A}
		{9C6E70AD-F808-4957-8D3C-D75E1088D1E5} = {D7F2AA6A-721D-4E69-9AC3-59186F1C407A}
		{5772204F-EECF-49C6-9015-565C502EA347} = {D7F2AA6A-721D-4E69-9AC3-59186F1C407A}
		{1D931D72-0DA9-40B3-966D-A5970F9D5B01} = {7C5B8FDE-6D71-4103-9035-753D41B88421}
		{DED43145-88B8-4B34-A77B-973DDA9A290C} = {7C5B8FDE-6D71-4103-9035-753D41B88421}
		{EFFB7C43-194A-45DF-AD51-430C8C51652F} = {11F6D087-2112-4B93-94F2-2F32B572DCAC}
		{8F073773-9AA1-4247-BCC3-9D5F32E39C1A} = {11F6D087-2112-4B93-94F2-2F32B572DCAC}
		{EEDF5142-FB6A-427D-A345-601DC3AB23DB} = {11F6D087-2112-4B93-94F2-2F32B572DCAC}
	EndGlobalSection
	GlobalSection(ExtensibilityGlobals) = postSolution
		SolutionGuid = {6D896BF2-BA48-420C-9664-AB7DC7D38A33}
	EndGlobalSection
EndGlobal
