
Microsoft Visual Studio Solution File, Format Version 12.00
# Visual Studio Version 17
VisualStudioVersion = 17.8.34330.188
MinimumVisualStudioVersion = 10.0.40219.1
Project("{2150E333-8FDC-42A3-9474-1A3956D46DE8}") = "Build", "Build", "{4ADA43F9-E9B7-42BF-8D1D-0635400382E7}"
	ProjectSection(SolutionItems) = preProject
		Build\build_core.props = Build\build_core.props
		Build\build_standard.props = Build\build_standard.props
		Build\build_tests.props = Build\build_tests.props
		Build\build_version.props = Build\build_version.props
		Build\build_xml_documentation.props = Build\build_xml_documentation.props
	EndProjectSection
EndProject
Project("{2150E333-8FDC-42A3-9474-1A3956D46DE8}") = "Schick.Plainquire.Filter", "Schick.Plainquire.Filter", "{D1F2A2BB-C421-4950-85EC-5F3D6E44179F}"
EndProject
Project("{9A19103F-16F7-4668-BE54-9A1E7A4F7556}") = "Schick.Plainquire.Filter", "Schick.Plainquire.Filter\Schick.Plainquire.Filter\Schick.Plainquire.Filter.csproj", "{825D0361-7EC9-40DC-9AB6-D206E2B80DEA}"
EndProject
Project("{9A19103F-16F7-4668-BE54-9A1E7A4F7556}") = "Schick.Plainquire.Filter.Abstractions", "Schick.Plainquire.Filter\Schick.Plainquire.Filter.Abstractions\Schick.Plainquire.Filter.Abstractions.csproj", "{1B1FBE6D-B411-400F-9BC3-88D8CD5E81C4}"
EndProject
Project("{9A19103F-16F7-4668-BE54-9A1E7A4F7556}") = "Schick.Plainquire.Filter.Mvc", "Schick.Plainquire.Filter\Schick.Plainquire.Filter.Mvc\Schick.Plainquire.Filter.Mvc.csproj", "{476D668F-4B4C-471B-81B2-076ED19A6F53}"
EndProject
Project("{9A19103F-16F7-4668-BE54-9A1E7A4F7556}") = "Schick.Plainquire.Filter.Mvc.Newtonsoft", "Schick.Plainquire.Filter\Schick.Plainquire.Filter.Mvc.Newtonsoft\Schick.Plainquire.Filter.Mvc.Newtonsoft.csproj", "{870ED6E0-573A-4ADF-A436-9A96E57FCE3A}"
EndProject
Project("{9A19103F-16F7-4668-BE54-9A1E7A4F7556}") = "Schick.Plainquire.Filter.Newtonsoft", "Schick.Plainquire.Filter\Schick.Plainquire.Filter.Newtonsoft\Schick.Plainquire.Filter.Newtonsoft.csproj", "{B0477AD4-8FF2-4EEF-9C24-F09392D6AAEE}"
EndProject
Project("{9A19103F-16F7-4668-BE54-9A1E7A4F7556}") = "Schick.Plainquire.Filter.Swashbuckle", "Schick.Plainquire.Filter\Schick.Plainquire.Filter.Swashbuckle\Schick.Plainquire.Filter.Swashbuckle.csproj", "{E86DC98D-8E84-4156-8E58-907C2949A97F}"
EndProject
Project("{2150E333-8FDC-42A3-9474-1A3956D46DE8}") = "Schick.Plainquire.Filter.Tests", "Schick.Plainquire.Filter.Tests", "{7C5B8FDE-6D71-4103-9035-753D41B88421}"
EndProject
Project("{9A19103F-16F7-4668-BE54-9A1E7A4F7556}") = "Schick.Plainquire.Filter.Tests", "Schick.Plainquire.Filter.Tests\Schick.Plainquire.Filter.Tests\Schick.Plainquire.Filter.Tests.csproj", "{7B227645-2655-4AA6-B5D9-A02EB33C2BB7}"
EndProject
Project("{2150E333-8FDC-42A3-9474-1A3956D46DE8}") = "Schick.Plainquire.Sort", "Schick.Plainquire.Sort", "{12717BAF-3957-49FA-B789-28C223DE7812}"
EndProject
Project("{9A19103F-16F7-4668-BE54-9A1E7A4F7556}") = "Schick.Plainquire.Sort", "Schick.Plainquire.Sort\Schick.Plainquire.Sort\Schick.Plainquire.Sort.csproj", "{7D345F09-CD20-402F-A125-625EC5F852D7}"
EndProject
Project("{9A19103F-16F7-4668-BE54-9A1E7A4F7556}") = "Schick.Plainquire.Sort.Abstractions", "Schick.Plainquire.Sort\Schick.Plainquire.Sort.Abstractions\Schick.Plainquire.Sort.Abstractions.csproj", "{A23B2F5B-009F-41C7-B8EF-552DF96036EC}"
EndProject
Project("{9A19103F-16F7-4668-BE54-9A1E7A4F7556}") = "Schick.Plainquire.Sort.Mvc", "Schick.Plainquire.Sort\Schick.Plainquire.Sort.Mvc\Schick.Plainquire.Sort.Mvc.csproj", "{902C6D17-A950-4B01-A7D3-EB8239C750D4}"
EndProject
Project("{9A19103F-16F7-4668-BE54-9A1E7A4F7556}") = "Schick.Plainquire.Sort.Mvc.Newtonsoft", "Schick.Plainquire.Sort\Schick.Plainquire.Sort.Mvc.Newtonsoft\Schick.Plainquire.Sort.Mvc.Newtonsoft.csproj", "{65F4E850-865B-4E03-8482-2158A63DCA49}"
EndProject
Project("{9A19103F-16F7-4668-BE54-9A1E7A4F7556}") = "Schick.Plainquire.Sort.Newtonsoft", "Schick.Plainquire.Sort\Schick.Plainquire.Sort.Newtonsoft\Schick.Plainquire.Sort.Newtonsoft.csproj", "{A236058E-EF8F-4EB8-8EF4-11B50ACA04F8}"
EndProject
Project("{9A19103F-16F7-4668-BE54-9A1E7A4F7556}") = "Schick.Plainquire.Sort.Swashbuckle", "Schick.Plainquire.Sort\Schick.Plainquire.Sort.Swashbuckle\Schick.Plainquire.Sort.Swashbuckle.csproj", "{5B623D7A-F078-433A-8344-6C5DABD004C8}"
EndProject
Project("{2150E333-8FDC-42A3-9474-1A3956D46DE8}") = "Schick.Plainquire.Sort.Tests", "Schick.Plainquire.Sort.Tests", "{41DE5B74-FA68-4684-843E-D197B2C063EB}"
EndProject
Project("{9A19103F-16F7-4668-BE54-9A1E7A4F7556}") = "Schick.Plainquire.Sort.Tests", "Schick.Plainquire.Sort.Tests\Schick.Plainquire.Sort.Tests\Schick.Plainquire.Sort.Tests.csproj", "{F673BD3F-057C-4A15-A648-DB0D5A06E164}"
EndProject
Project("{9A19103F-16F7-4668-BE54-9A1E7A4F7556}") = "Schick.Plainquire.Demo", "Schick.Plainquire.Demo\Schick.Plainquire.Demo.csproj", "{7D6FDB0B-4F9F-47A4-952B-14F6E8697AF1}"
EndProject
Global
	GlobalSection(SolutionConfigurationPlatforms) = preSolution
		Debug|Any CPU = Debug|Any CPU
		Release|Any CPU = Release|Any CPU
	EndGlobalSection
	GlobalSection(ProjectConfigurationPlatforms) = postSolution
		{825D0361-7EC9-40DC-9AB6-D206E2B80DEA}.Debug|Any CPU.ActiveCfg = Debug|Any CPU
		{825D0361-7EC9-40DC-9AB6-D206E2B80DEA}.Debug|Any CPU.Build.0 = Debug|Any CPU
		{825D0361-7EC9-40DC-9AB6-D206E2B80DEA}.Release|Any CPU.ActiveCfg = Release|Any CPU
		{825D0361-7EC9-40DC-9AB6-D206E2B80DEA}.Release|Any CPU.Build.0 = Release|Any CPU
		{1B1FBE6D-B411-400F-9BC3-88D8CD5E81C4}.Debug|Any CPU.ActiveCfg = Debug|Any CPU
		{1B1FBE6D-B411-400F-9BC3-88D8CD5E81C4}.Debug|Any CPU.Build.0 = Debug|Any CPU
		{1B1FBE6D-B411-400F-9BC3-88D8CD5E81C4}.Release|Any CPU.ActiveCfg = Release|Any CPU
		{1B1FBE6D-B411-400F-9BC3-88D8CD5E81C4}.Release|Any CPU.Build.0 = Release|Any CPU
		{476D668F-4B4C-471B-81B2-076ED19A6F53}.Debug|Any CPU.ActiveCfg = Debug|Any CPU
		{476D668F-4B4C-471B-81B2-076ED19A6F53}.Debug|Any CPU.Build.0 = Debug|Any CPU
		{476D668F-4B4C-471B-81B2-076ED19A6F53}.Release|Any CPU.ActiveCfg = Release|Any CPU
		{476D668F-4B4C-471B-81B2-076ED19A6F53}.Release|Any CPU.Build.0 = Release|Any CPU
		{870ED6E0-573A-4ADF-A436-9A96E57FCE3A}.Debug|Any CPU.ActiveCfg = Debug|Any CPU
		{870ED6E0-573A-4ADF-A436-9A96E57FCE3A}.Debug|Any CPU.Build.0 = Debug|Any CPU
		{870ED6E0-573A-4ADF-A436-9A96E57FCE3A}.Release|Any CPU.ActiveCfg = Release|Any CPU
		{870ED6E0-573A-4ADF-A436-9A96E57FCE3A}.Release|Any CPU.Build.0 = Release|Any CPU
		{B0477AD4-8FF2-4EEF-9C24-F09392D6AAEE}.Debug|Any CPU.ActiveCfg = Debug|Any CPU
		{B0477AD4-8FF2-4EEF-9C24-F09392D6AAEE}.Debug|Any CPU.Build.0 = Debug|Any CPU
		{B0477AD4-8FF2-4EEF-9C24-F09392D6AAEE}.Release|Any CPU.ActiveCfg = Release|Any CPU
		{B0477AD4-8FF2-4EEF-9C24-F09392D6AAEE}.Release|Any CPU.Build.0 = Release|Any CPU
		{E86DC98D-8E84-4156-8E58-907C2949A97F}.Debug|Any CPU.ActiveCfg = Debug|Any CPU
		{E86DC98D-8E84-4156-8E58-907C2949A97F}.Debug|Any CPU.Build.0 = Debug|Any CPU
		{E86DC98D-8E84-4156-8E58-907C2949A97F}.Release|Any CPU.ActiveCfg = Release|Any CPU
		{E86DC98D-8E84-4156-8E58-907C2949A97F}.Release|Any CPU.Build.0 = Release|Any CPU
		{7B227645-2655-4AA6-B5D9-A02EB33C2BB7}.Debug|Any CPU.ActiveCfg = Debug|Any CPU
		{7B227645-2655-4AA6-B5D9-A02EB33C2BB7}.Debug|Any CPU.Build.0 = Debug|Any CPU
		{7B227645-2655-4AA6-B5D9-A02EB33C2BB7}.Release|Any CPU.ActiveCfg = Release|Any CPU
		{7B227645-2655-4AA6-B5D9-A02EB33C2BB7}.Release|Any CPU.Build.0 = Release|Any CPU
		{7D345F09-CD20-402F-A125-625EC5F852D7}.Debug|Any CPU.ActiveCfg = Debug|Any CPU
		{7D345F09-CD20-402F-A125-625EC5F852D7}.Debug|Any CPU.Build.0 = Debug|Any CPU
		{7D345F09-CD20-402F-A125-625EC5F852D7}.Release|Any CPU.ActiveCfg = Release|Any CPU
		{7D345F09-CD20-402F-A125-625EC5F852D7}.Release|Any CPU.Build.0 = Release|Any CPU
		{A23B2F5B-009F-41C7-B8EF-552DF96036EC}.Debug|Any CPU.ActiveCfg = Debug|Any CPU
		{A23B2F5B-009F-41C7-B8EF-552DF96036EC}.Debug|Any CPU.Build.0 = Debug|Any CPU
		{A23B2F5B-009F-41C7-B8EF-552DF96036EC}.Release|Any CPU.ActiveCfg = Release|Any CPU
		{A23B2F5B-009F-41C7-B8EF-552DF96036EC}.Release|Any CPU.Build.0 = Release|Any CPU
		{902C6D17-A950-4B01-A7D3-EB8239C750D4}.Debug|Any CPU.ActiveCfg = Debug|Any CPU
		{902C6D17-A950-4B01-A7D3-EB8239C750D4}.Debug|Any CPU.Build.0 = Debug|Any CPU
		{902C6D17-A950-4B01-A7D3-EB8239C750D4}.Release|Any CPU.ActiveCfg = Release|Any CPU
		{902C6D17-A950-4B01-A7D3-EB8239C750D4}.Release|Any CPU.Build.0 = Release|Any CPU
		{65F4E850-865B-4E03-8482-2158A63DCA49}.Debug|Any CPU.ActiveCfg = Debug|Any CPU
		{65F4E850-865B-4E03-8482-2158A63DCA49}.Debug|Any CPU.Build.0 = Debug|Any CPU
		{65F4E850-865B-4E03-8482-2158A63DCA49}.Release|Any CPU.ActiveCfg = Release|Any CPU
		{65F4E850-865B-4E03-8482-2158A63DCA49}.Release|Any CPU.Build.0 = Release|Any CPU
		{A236058E-EF8F-4EB8-8EF4-11B50ACA04F8}.Debug|Any CPU.ActiveCfg = Debug|Any CPU
		{A236058E-EF8F-4EB8-8EF4-11B50ACA04F8}.Debug|Any CPU.Build.0 = Debug|Any CPU
		{A236058E-EF8F-4EB8-8EF4-11B50ACA04F8}.Release|Any CPU.ActiveCfg = Release|Any CPU
		{A236058E-EF8F-4EB8-8EF4-11B50ACA04F8}.Release|Any CPU.Build.0 = Release|Any CPU
		{5B623D7A-F078-433A-8344-6C5DABD004C8}.Debug|Any CPU.ActiveCfg = Debug|Any CPU
		{5B623D7A-F078-433A-8344-6C5DABD004C8}.Debug|Any CPU.Build.0 = Debug|Any CPU
		{5B623D7A-F078-433A-8344-6C5DABD004C8}.Release|Any CPU.ActiveCfg = Release|Any CPU
		{5B623D7A-F078-433A-8344-6C5DABD004C8}.Release|Any CPU.Build.0 = Release|Any CPU
		{F673BD3F-057C-4A15-A648-DB0D5A06E164}.Debug|Any CPU.ActiveCfg = Debug|Any CPU
		{F673BD3F-057C-4A15-A648-DB0D5A06E164}.Debug|Any CPU.Build.0 = Debug|Any CPU
		{F673BD3F-057C-4A15-A648-DB0D5A06E164}.Release|Any CPU.ActiveCfg = Release|Any CPU
		{F673BD3F-057C-4A15-A648-DB0D5A06E164}.Release|Any CPU.Build.0 = Release|Any CPU
		{7D6FDB0B-4F9F-47A4-952B-14F6E8697AF1}.Debug|Any CPU.ActiveCfg = Debug|Any CPU
		{7D6FDB0B-4F9F-47A4-952B-14F6E8697AF1}.Debug|Any CPU.Build.0 = Debug|Any CPU
		{7D6FDB0B-4F9F-47A4-952B-14F6E8697AF1}.Release|Any CPU.ActiveCfg = Release|Any CPU
		{7D6FDB0B-4F9F-47A4-952B-14F6E8697AF1}.Release|Any CPU.Build.0 = Release|Any CPU
	EndGlobalSection
	GlobalSection(SolutionProperties) = preSolution
		HideSolutionNode = FALSE
	EndGlobalSection
	GlobalSection(NestedProjects) = preSolution
		{825D0361-7EC9-40DC-9AB6-D206E2B80DEA} = {D1F2A2BB-C421-4950-85EC-5F3D6E44179F}
		{1B1FBE6D-B411-400F-9BC3-88D8CD5E81C4} = {D1F2A2BB-C421-4950-85EC-5F3D6E44179F}
		{476D668F-4B4C-471B-81B2-076ED19A6F53} = {D1F2A2BB-C421-4950-85EC-5F3D6E44179F}
		{870ED6E0-573A-4ADF-A436-9A96E57FCE3A} = {D1F2A2BB-C421-4950-85EC-5F3D6E44179F}
		{B0477AD4-8FF2-4EEF-9C24-F09392D6AAEE} = {D1F2A2BB-C421-4950-85EC-5F3D6E44179F}
		{E86DC98D-8E84-4156-8E58-907C2949A97F} = {D1F2A2BB-C421-4950-85EC-5F3D6E44179F}
		{7B227645-2655-4AA6-B5D9-A02EB33C2BB7} = {7C5B8FDE-6D71-4103-9035-753D41B88421}
		{7D345F09-CD20-402F-A125-625EC5F852D7} = {12717BAF-3957-49FA-B789-28C223DE7812}
		{A23B2F5B-009F-41C7-B8EF-552DF96036EC} = {12717BAF-3957-49FA-B789-28C223DE7812}
		{902C6D17-A950-4B01-A7D3-EB8239C750D4} = {12717BAF-3957-49FA-B789-28C223DE7812}
		{65F4E850-865B-4E03-8482-2158A63DCA49} = {12717BAF-3957-49FA-B789-28C223DE7812}
		{A236058E-EF8F-4EB8-8EF4-11B50ACA04F8} = {12717BAF-3957-49FA-B789-28C223DE7812}
		{5B623D7A-F078-433A-8344-6C5DABD004C8} = {12717BAF-3957-49FA-B789-28C223DE7812}
		{F673BD3F-057C-4A15-A648-DB0D5A06E164} = {41DE5B74-FA68-4684-843E-D197B2C063EB}
	EndGlobalSection
	GlobalSection(ExtensibilityGlobals) = postSolution
		SolutionGuid = {6D896BF2-BA48-420C-9664-AB7DC7D38A33}
	EndGlobalSection
EndGlobal
